# Python 3.12 / macOS arm64. Generated from pip --only-binary=:all: resolution.
# Every direct and transitive wheel is pinned to its published SHA-256.
betterproto @ https://files.pythonhosted.org/packages/a7/9a/5db824c378f6f88b5c6366429f2f5169a10315e9e3d5ab754c4a8d1202aa/betterproto-2.0.0b7-py3-none-any.whl --hash=sha256:401ab8055e2f814e77b9c88a74d0e1ae3d1e8a969cced6aeb1b59f71ad63fbd2
drawthings-py @ https://files.pythonhosted.org/packages/c8/4c/bb705724a005ef1bd936a2b1717ec0f5abea4893f1d15176e6e151718443/drawthings_py-0.4.0-py3-none-any.whl --hash=sha256:1cb14b5968f79459a6040d595fea8ce4bf9cd8a8c31b25ca3b6416cdc783ca8e
flatbuffers @ https://files.pythonhosted.org/packages/e8/2d/d2a548598be01649e2d46231d151a6c56d10b964d94043a335ae56ea2d92/flatbuffers-25.12.19-py2.py3-none-any.whl --hash=sha256:7634f50c427838bb021c2d66a3d1168e9d199b0607e6329399f04846d42e20b4
fpzip @ https://files.pythonhosted.org/packages/16/89/2aa4801f59aff5227164560cf5c3681fe6f018f4c90f5b91789525c1195f/fpzip-1.2.5-cp312-cp312-macosx_11_0_arm64.whl --hash=sha256:668879d33906585ac08d18f1524df0fd714b00bf86f9224329681ec1a2e1f2ed
grpclib @ https://files.pythonhosted.org/packages/5c/90/b0cbbd9efcc82816c58f31a34963071aa19fb792a212a5d9caf8e0fc3097/grpclib-0.4.9-py3-none-any.whl --hash=sha256:7762ec1c8ed94dfad597475152dd35cbd11aecaaca2f243e29702435ca24cf0e
h2 @ https://files.pythonhosted.org/packages/7e/22/e85faf23bd72a92d1921e37d674ca56eb298a3c8be31fdecef0ff2b3aaac/h2-4.4.1-py3-none-any.whl --hash=sha256:0e25f1462b23c9cb82d9eb02e28bc706dac2a68cb457c6a0d74d63c8a2a5d0e6
hpack @ https://files.pythonhosted.org/packages/71/b4/4a9fcfb2aef6ba44d9073ecd301443aa00b3dac95de5619f2a7de7ec8a91/hpack-4.2.0-py3-none-any.whl --hash=sha256:858ac0b02280fa582b5080d68db0899c62a80375e0e5413a74970c5e518b6986
hyperframe @ https://files.pythonhosted.org/packages/48/30/47d0bf6072f7252e6521f3447ccfa40b421b6824517f82854703d0f5a98b/hyperframe-6.1.0-py3-none-any.whl --hash=sha256:b03380493a519fce58ea5af42e4a42317bf9bd425596f7a0835ffce80f1a42e5
multidict @ https://files.pythonhosted.org/packages/8e/ce/20b2623af4a440137c909536f927862a053f0352cee7cbad3cd9901a2cce/multidict-7.0.0-cp312-cp312-macosx_11_0_arm64.whl --hash=sha256:af98eb32a76f2a8fbd6c81ef08a7f4c06f2c092d8229e4d7138181469a216154
numpy @ https://files.pythonhosted.org/packages/9c/59/a312e95696e5f601914dd8b6dd844692ba61670807417e24b68e337b5c70/numpy-2.5.3-cp312-cp312-macosx_14_0_arm64.whl --hash=sha256:a72f874bc9e10e4b8f80426fb49716d5141f64442a0c8418065093ec8017fbb0
pillow @ https://files.pythonhosted.org/packages/d8/66/9a386a92561f402389a4fc70c18838bf6d35eb5eb5c6850b4b2dc64f5048/pillow-12.3.0-cp312-cp312-macosx_11_0_arm64.whl --hash=sha256:ffd0c5368496f41b0944be820fcb7a838aa6e623d250b01acf2643939c3f99d7
python-dateutil @ https://files.pythonhosted.org/packages/ec/57/56b9bcc3c9c6a792fcbaf139543cee77261f3651ca9da0c93f5c1221264b/python_dateutil-2.9.0.post0-py2.py3-none-any.whl --hash=sha256:a8b2bc7bffae282281c8140a97d3aa9c14da0b136dfe83f850eea9a5f7470427
six @ https://files.pythonhosted.org/packages/b7/ce/149a00dd41f10bc29e5921b496af8b574d8413afcd5e30dfa0ed46c2cc5e/six-1.17.0-py2.py3-none-any.whl --hash=sha256:4721f391ed90541fddacab5acf947aa0d3dc7d27b2e1e8eda2be8970586c3274
strictyaml @ https://files.pythonhosted.org/packages/96/7c/a81ef5ef10978dd073a854e0fa93b5d8021d0594b639cc8f6453c3c78a1d/strictyaml-1.7.3-py3-none-any.whl --hash=sha256:fb5c8a4edb43bebb765959e420f9b3978d7f1af88c80606c03fb420888f5d1c7
tqdm @ https://files.pythonhosted.org/packages/a7/03/921a3d3c75785aca9ebfbfcabfbc3a1be12e2ab5265deb026d55a5a3f83e/tqdm-4.70.1-py3-none-any.whl --hash=sha256:c293e525e6fef9c20e8728fd4612df02a0aa31bb5fe91ecd93e123b1b7bffa73
typing_extensions @ https://files.pythonhosted.org/packages/49/d3/b8441a820a491ddfc024b0b0cf0393375b75ea13866d9c66727e54c2fc80/typing_extensions-4.16.0-py3-none-any.whl --hash=sha256:481caa481374e813c1b176ada14e97f1f67a4539ce9cfeb3f350d78d6370c2e8
